
Microsoft Visual Studio Solution File, Format Version 12.00
# Visual Studio Version 17
VisualStudioVersion = 17.12.35521.163 d17.12
MinimumVisualStudioVersion = 10.0.40219.1
Project("{FAE04EC0-301F-11D3-BF4B-00C04F79EFBC}") = "Heap Sort algo Project", "Heap Sort algo Project.csproj", "{9787CA5E-70DD-4F06-B457-942F9756F881}"
EndProject
Global
	GlobalSection(SolutionConfigurationPlatforms) = preSolution
		Debug|Any CPU = Debug|Any CPU
		Release|Any CPU = Release|Any CPU
	EndGlobalSection
	GlobalSection(ProjectConfigurationPlatforms) = postSolution
		{9787CA5E-70DD-4F06-B457-942F9756F881}.Debug|Any CPU.ActiveCfg = Debug|Any CPU
		{9787CA5E-70DD-4F06-B457-942F9756F881}.Debug|Any CPU.Build.0 = Debug|Any CPU
		{9787CA5E-70DD-4F06-B457-942F9756F881}.Release|Any CPU.ActiveCfg = Release|Any CPU
		{9787CA5E-70DD-4F06-B457-942F9756F881}.Release|Any CPU.Build.0 = Release|Any CPU
	EndGlobalSection
	GlobalSection(SolutionProperties) = preSolution
		HideSolutionNode = FALSE
	EndGlobalSection
EndGlobal
